
Microsoft Visual Studio Solution File, Format Version 12.00
# Visual Studio Version 17
VisualStudioVersion = 17.14.36414.22
MinimumVisualStudioVersion = 10.0.40219.1
Project("{2150E333-8FDC-42A3-9474-1A3956D46DE8}") = "Task0", "Task0", "{02EA681E-C7D8-13C7-8484-4AC65E1B71E8}"
EndProject
Project("{FAE04EC0-301F-11D3-BF4B-00C04F79EFBC}") = "Tyuiu.KuchukIA.Sprint4.Task0.V29", "Tyuiu.KuchukIA.Sprint4.Task0.V29\Tyuiu.KuchukIA.Sprint4.Task0.V29.csproj", "{7E2E6B6C-51D3-4BE9-9A91-EB87A55CA3BF}"
EndProject
Project("{FAE04EC0-301F-11D3-BF4B-00C04F79EFBC}") = "Tyuiu.KuchukIA.Sprint4.Task0.V29.Test", "Tyuiu.KuchukIA.Sprint4.Task0.V29.Test\Tyuiu.KuchukIA.Sprint4.Task0.V29.Test.csproj", "{2A0212E7-BCA2-4BB8-9818-41E74BA82FAD}"
EndProject
Project("{FAE04EC0-301F-11D3-BF4B-00C04F79EFBC}") = "Tyuiu.KuchukIA.Sprint4.Task0.V29.Lib", "Tyuiu.KuchukIA.Sprint4.Task0.V29.Lib\Tyuiu.KuchukIA.Sprint4.Task0.V29.Lib.csproj", "{8158A69D-D9ED-46F5-A392-0354D0458E5A}"
EndProject
Project("{2150E333-8FDC-42A3-9474-1A3956D46DE8}") = "Task1", "Task1", "{E2C200F5-059E-4BBC-B2CB-C0028EBB8A2E}"
EndProject
Project("{FAE04EC0-301F-11D3-BF4B-00C04F79EFBC}") = "Tyuiu.KuchukIA.Sprint4.Task1.V21", "Tyuiu.KuchukIA.Sprint4.Task1.V21\Tyuiu.KuchukIA.Sprint4.Task1.V21.csproj", "{DBD28012-4D63-48D0-BA67-010214178BA3}"
EndProject
Project("{FAE04EC0-301F-11D3-BF4B-00C04F79EFBC}") = "Tyuiu.KuchukIA.Sprint4.Task1.V21.Lib", "Tyuiu.KuchukIA.Sprint4.Task1.V21.Lib\Tyuiu.KuchukIA.Sprint4.Task1.V21.Lib.csproj", "{80F1601F-5CC3-4544-B35B-0DDF790F8402}"
EndProject
Project("{FAE04EC0-301F-11D3-BF4B-00C04F79EFBC}") = "Tyuiu.KuchukIA.Sprint4.Task1.V21.Test", "Tyuiu.KuchukIA.Sprint4.Task1.V21.Test\Tyuiu.KuchukIA.Sprint4.Task1.V21.Test.csproj", "{B0F1A385-7A20-4383-8B36-13F82E500527}"
EndProject
Project("{2150E333-8FDC-42A3-9474-1A3956D46DE8}") = "Task2", "Task2", "{5D37BB73-8565-4BD8-B25F-69E147BCD744}"
EndProject
Project("{FAE04EC0-301F-11D3-BF4B-00C04F79EFBC}") = "Tyuiu.KuchukIA.Sprint4.Task2.V11", "Tyuiu.KuchukIA.Sprint4.Task2.V11\Tyuiu.KuchukIA.Sprint4.Task2.V11.csproj", "{6675FE48-B0ED-4123-B575-336EBB35C74E}"
EndProject
Project("{FAE04EC0-301F-11D3-BF4B-00C04F79EFBC}") = "Tyuiu.KuchukIA.Sprint4.Task2.V11.Test", "Tyuiu.KuchukIA.Sprint4.Task2.V11.Test\Tyuiu.KuchukIA.Sprint4.Task2.V11.Test.csproj", "{422CD367-DC96-4207-9835-F859CA1A048D}"
EndProject
Project("{FAE04EC0-301F-11D3-BF4B-00C04F79EFBC}") = "Tyuiu.KuchukIA.Sprint4.Task2.V11.Lib", "Tyuiu.KuchukIA.Sprint4.Task2.V11.Lib\Tyuiu.KuchukIA.Sprint4.Task2.V11.Lib.csproj", "{779E99D4-5A37-4DFF-AE16-51B85332571E}"
EndProject
Project("{2150E333-8FDC-42A3-9474-1A3956D46DE8}") = "Task3", "Task3", "{C5D4E2C7-D15C-4147-89D3-C7308D8ED063}"
EndProject
Project("{FAE04EC0-301F-11D3-BF4B-00C04F79EFBC}") = "Tyuiu.KuchukIA.Sprint4.Task3.V7", "Tyuiu.KuchukIA.Sprint4.Task3.V7\Tyuiu.KuchukIA.Sprint4.Task3.V7.csproj", "{2D46533C-7543-459E-8D37-54E21DB79CC9}"
EndProject
Project("{FAE04EC0-301F-11D3-BF4B-00C04F79EFBC}") = "Tyuiu.KuchukIA.Sprint4.Task3.V7.Lib", "Tyuiu.KuchukIA.Sprint4.Task3.V7.Lib\Tyuiu.KuchukIA.Sprint4.Task3.V7.Lib.csproj", "{927DEAFE-D850-4691-8CF4-A2EAC34D61BC}"
EndProject
Project("{FAE04EC0-301F-11D3-BF4B-00C04F79EFBC}") = "Tyuiu.KuchukIA.Sprint4.Task3.V7.Test", "Tyuiu.KuchukIA.Sprint4.Task3.V7.Test\Tyuiu.KuchukIA.Sprint4.Task3.V7.Test.csproj", "{138EE0F5-3859-4965-84A9-78860F606473}"
EndProject
Project("{2150E333-8FDC-42A3-9474-1A3956D46DE8}") = "Task4", "Task4", "{A42BB9BC-05CB-4B1E-9259-F00DADA4BC13}"
EndProject
Project("{FAE04EC0-301F-11D3-BF4B-00C04F79EFBC}") = "Tyuiu.KuchukIA.Sprint4.Task4.V22", "Tyuiu.KuchukIA.Sprint4.Task4.V22\Tyuiu.KuchukIA.Sprint4.Task4.V22.csproj", "{0BA315A2-0595-44B5-A8FC-DC06E8F2B4BF}"
EndProject
Project("{FAE04EC0-301F-11D3-BF4B-00C04F79EFBC}") = "Tyuiu.KuchukIA.Sprint4.Task4.V22.Test", "Tyuiu.KuchukIA.Sprint4.Task4.V22.Test\Tyuiu.KuchukIA.Sprint4.Task4.V22.Test.csproj", "{FE41AB39-DB80-4E78-9918-985455DCB4D9}"
EndProject
Project("{FAE04EC0-301F-11D3-BF4B-00C04F79EFBC}") = "Tyuiu.KuchukIA.Sprint4.Task4.V22.Lib", "Tyuiu.KuchukIA.Sprint4.Task4.V22.Lib\Tyuiu.KuchukIA.Sprint4.Task4.V22.Lib.csproj", "{5B0D1A6C-260F-4675-A75D-5006F2D38C7C}"
EndProject
Project("{2150E333-8FDC-42A3-9474-1A3956D46DE8}") = "Task5", "Task5", "{D330A2AA-6449-44B1-BDFE-74923DF699C2}"
EndProject
Project("{FAE04EC0-301F-11D3-BF4B-00C04F79EFBC}") = "Tyuiu.KuchukIA.Sprint4.Task5.V9", "Tyuiu.KuchukIA.Sprint4.Task5.V9\Tyuiu.KuchukIA.Sprint4.Task5.V9.csproj", "{8304750E-048A-4C96-8C7C-8965751A681D}"
EndProject
Project("{FAE04EC0-301F-11D3-BF4B-00C04F79EFBC}") = "Tyuiu.KuchukIA.Sprint4.Task5.V9.Lib", "Tyuiu.KuchukIA.Sprint4.Task5.V9.Lib\Tyuiu.KuchukIA.Sprint4.Task5.V9.Lib.csproj", "{487617DD-C7C1-4C5B-83A2-45746E7232A0}"
EndProject
Project("{FAE04EC0-301F-11D3-BF4B-00C04F79EFBC}") = "Tyuiu.KuchukIA.Sprint4.Task5.V9.Test", "Tyuiu.KuchukIA.Sprint4.Task5.V9.Test\Tyuiu.KuchukIA.Sprint4.Task5.V9.Test.csproj", "{817D4882-43F2-49CA-A5A1-12B5870F4A32}"
EndProject
Global
	GlobalSection(SolutionConfigurationPlatforms) = preSolution
		Debug|Any CPU = Debug|Any CPU
		Release|Any CPU = Release|Any CPU
	EndGlobalSection
	GlobalSection(ProjectConfigurationPlatforms) = postSolution
		{7E2E6B6C-51D3-4BE9-9A91-EB87A55CA3BF}.Debug|Any CPU.ActiveCfg = Debug|Any CPU
		{7E2E6B6C-51D3-4BE9-9A91-EB87A55CA3BF}.Debug|Any CPU.Build.0 = Debug|Any CPU
		{7E2E6B6C-51D3-4BE9-9A91-EB87A55CA3BF}.Release|Any CPU.ActiveCfg = Release|Any CPU
		{7E2E6B6C-51D3-4BE9-9A91-EB87A55CA3BF}.Release|Any CPU.Build.0 = Release|Any CPU
		{2A0212E7-BCA2-4BB8-9818-41E74BA82FAD}.Debug|Any CPU.ActiveCfg = Debug|Any CPU
		{2A0212E7-BCA2-4BB8-9818-41E74BA82FAD}.Debug|Any CPU.Build.0 = Debug|Any CPU
		{2A0212E7-BCA2-4BB8-9818-41E74BA82FAD}.Release|Any CPU.ActiveCfg = Release|Any CPU
		{2A0212E7-BCA2-4BB8-9818-41E74BA82FAD}.Release|Any CPU.Build.0 = Release|Any CPU
		{8158A69D-D9ED-46F5-A392-0354D0458E5A}.Debug|Any CPU.ActiveCfg = Debug|Any CPU
		{8158A69D-D9ED-46F5-A392-0354D0458E5A}.Debug|Any CPU.Build.0 = Debug|Any CPU
		{8158A69D-D9ED-46F5-A392-0354D0458E5A}.Release|Any CPU.ActiveCfg = Release|Any CPU
		{8158A69D-D9ED-46F5-A392-0354D0458E5A}.Release|Any CPU.Build.0 = Release|Any CPU
		{DBD28012-4D63-48D0-BA67-010214178BA3}.Debug|Any CPU.ActiveCfg = Debug|Any CPU
		{DBD28012-4D63-48D0-BA67-010214178BA3}.Debug|Any CPU.Build.0 = Debug|Any CPU
		{DBD28012-4D63-48D0-BA67-010214178BA3}.Release|Any CPU.ActiveCfg = Release|Any CPU
		{DBD28012-4D63-48D0-BA67-010214178BA3}.Release|Any CPU.Build.0 = Release|Any CPU
		{80F1601F-5CC3-4544-B35B-0DDF790F8402}.Debug|Any CPU.ActiveCfg = Debug|Any CPU
		{80F1601F-5CC3-4544-B35B-0DDF790F8402}.Debug|Any CPU.Build.0 = Debug|Any CPU
		{80F1601F-5CC3-4544-B35B-0DDF790F8402}.Release|Any CPU.ActiveCfg = Release|Any CPU
		{80F1601F-5CC3-4544-B35B-0DDF790F8402}.Release|Any CPU.Build.0 = Release|Any CPU
		{B0F1A385-7A20-4383-8B36-13F82E500527}.Debug|Any CPU.ActiveCfg = Debug|Any CPU
		{B0F1A385-7A20-4383-8B36-13F82E500527}.Debug|Any CPU.Build.0 = Debug|Any CPU
		{B0F1A385-7A20-4383-8B36-13F82E500527}.Release|Any CPU.ActiveCfg = Release|Any CPU
		{B0F1A385-7A20-4383-8B36-13F82E500527}.Release|Any CPU.Build.0 = Release|Any CPU
		{6675FE48-B0ED-4123-B575-336EBB35C74E}.Debug|Any CPU.ActiveCfg = Debug|Any CPU
		{6675FE48-B0ED-4123-B575-336EBB35C74E}.Debug|Any CPU.Build.0 = Debug|Any CPU
		{6675FE48-B0ED-4123-B575-336EBB35C74E}.Release|Any CPU.ActiveCfg = Release|Any CPU
		{6675FE48-B0ED-4123-B575-336EBB35C74E}.Release|Any CPU.Build.0 = Release|Any CPU
		{422CD367-DC96-4207-9835-F859CA1A048D}.Debug|Any CPU.ActiveCfg = Debug|Any CPU
		{422CD367-DC96-4207-9835-F859CA1A048D}.Debug|Any CPU.Build.0 = Debug|Any CPU
		{422CD367-DC96-4207-9835-F859CA1A048D}.Release|Any CPU.ActiveCfg = Release|Any CPU
		{422CD367-DC96-4207-9835-F859CA1A048D}.Release|Any CPU.Build.0 = Release|Any CPU
		{779E99D4-5A37-4DFF-AE16-51B85332571E}.Debug|Any CPU.ActiveCfg = Debug|Any CPU
		{779E99D4-5A37-4DFF-AE16-51B85332571E}.Debug|Any CPU.Build.0 = Debug|Any CPU
		{779E99D4-5A37-4DFF-AE16-51B85332571E}.Release|Any CPU.ActiveCfg = Release|Any CPU
		{779E99D4-5A37-4DFF-AE16-51B85332571E}.Release|Any CPU.Build.0 = Release|Any CPU
		{2D46533C-7543-459E-8D37-54E21DB79CC9}.Debug|Any CPU.ActiveCfg = Debug|Any CPU
		{2D46533C-7543-459E-8D37-54E21DB79CC9}.Debug|Any CPU.Build.0 = Debug|Any CPU
		{2D46533C-7543-459E-8D37-54E21DB79CC9}.Release|Any CPU.ActiveCfg = Release|Any CPU
		{2D46533C-7543-459E-8D37-54E21DB79CC9}.Release|Any CPU.Build.0 = Release|Any CPU
		{927DEAFE-D850-4691-8CF4-A2EAC34D61BC}.Debug|Any CPU.ActiveCfg = Debug|Any CPU
		{927DEAFE-D850-4691-8CF4-A2EAC34D61BC}.Debug|Any CPU.Build.0 = Debug|Any CPU
		{927DEAFE-D850-4691-8CF4-A2EAC34D61BC}.Release|Any CPU.ActiveCfg = Release|Any CPU
		{927DEAFE-D850-4691-8CF4-A2EAC34D61BC}.Release|Any CPU.Build.0 = Release|Any CPU
		{138EE0F5-3859-4965-84A9-78860F606473}.Debug|Any CPU.ActiveCfg = Debug|Any CPU
		{138EE0F5-3859-4965-84A9-78860F606473}.Debug|Any CPU.Build.0 = Debug|Any CPU
		{138EE0F5-3859-4965-84A9-78860F606473}.Release|Any CPU.ActiveCfg = Release|Any CPU
		{138EE0F5-3859-4965-84A9-78860F606473}.Release|Any CPU.Build.0 = Release|Any CPU
		{0BA315A2-0595-44B5-A8FC-DC06E8F2B4BF}.Debug|Any CPU.ActiveCfg = Debug|Any CPU
		{0BA315A2-0595-44B5-A8FC-DC06E8F2B4BF}.Debug|Any CPU.Build.0 = Debug|Any CPU
		{0BA315A2-0595-44B5-A8FC-DC06E8F2B4BF}.Release|Any CPU.ActiveCfg = Release|Any CPU
		{0BA315A2-0595-44B5-A8FC-DC06E8F2B4BF}.Release|Any CPU.Build.0 = Release|Any CPU
		{FE41AB39-DB80-4E78-9918-985455DCB4D9}.Debug|Any CPU.ActiveCfg = Debug|Any CPU
		{FE41AB39-DB80-4E78-9918-985455DCB4D9}.Debug|Any CPU.Build.0 = Debug|Any CPU
		{FE41AB39-DB80-4E78-9918-985455DCB4D9}.Release|Any CPU.ActiveCfg = Release|Any CPU
		{FE41AB39-DB80-4E78-9918-985455DCB4D9}.Release|Any CPU.Build.0 = Release|Any CPU
		{5B0D1A6C-260F-4675-A75D-5006F2D38C7C}.Debug|Any CPU.ActiveCfg = Debug|Any CPU
		{5B0D1A6C-260F-4675-A75D-5006F2D38C7C}.Debug|Any CPU.Build.0 = Debug|Any CPU
		{5B0D1A6C-260F-4675-A75D-5006F2D38C7C}.Release|Any CPU.ActiveCfg = Release|Any CPU
		{5B0D1A6C-260F-4675-A75D-5006F2D38C7C}.Release|Any CPU.Build.0 = Release|Any CPU
		{8304750E-048A-4C96-8C7C-8965751A681D}.Debug|Any CPU.ActiveCfg = Debug|Any CPU
		{8304750E-048A-4C96-8C7C-8965751A681D}.Debug|Any CPU.Build.0 = Debug|Any CPU
		{8304750E-048A-4C96-8C7C-8965751A681D}.Release|Any CPU.ActiveCfg = Release|Any CPU
		{8304750E-048A-4C96-8C7C-8965751A681D}.Release|Any CPU.Build.0 = Release|Any CPU
		{487617DD-C7C1-4C5B-83A2-45746E7232A0}.Debug|Any CPU.ActiveCfg = Debug|Any CPU
		{487617DD-C7C1-4C5B-83A2-45746E7232A0}.Debug|Any CPU.Build.0 = Debug|Any CPU
		{487617DD-C7C1-4C5B-83A2-45746E7232A0}.Release|Any CPU.ActiveCfg = Release|Any CPU
		{487617DD-C7C1-4C5B-83A2-45746E7232A0}.Release|Any CPU.Build.0 = Release|Any CPU
		{817D4882-43F2-49CA-A5A1-12B5870F4A32}.Debug|Any CPU.ActiveCfg = Debug|Any CPU
		{817D4882-43F2-49CA-A5A1-12B5870F4A32}.Debug|Any CPU.Build.0 = Debug|Any CPU
		{817D4882-43F2-49CA-A5A1-12B5870F4A32}.Release|Any CPU.ActiveCfg = Release|Any CPU
		{817D4882-43F2-49CA-A5A1-12B5870F4A32}.Release|Any CPU.Build.0 = Release|Any CPU
	EndGlobalSection
	GlobalSection(SolutionProperties) = preSolution
		HideSolutionNode = FALSE
	EndGlobalSection
	GlobalSection(NestedProjects) = preSolution
		{7E2E6B6C-51D3-4BE9-9A91-EB87A55CA3BF} = {02EA681E-C7D8-13C7-8484-4AC65E1B71E8}
		{2A0212E7-BCA2-4BB8-9818-41E74BA82FAD} = {02EA681E-C7D8-13C7-8484-4AC65E1B71E8}
		{8158A69D-D9ED-46F5-A392-0354D0458E5A} = {02EA681E-C7D8-13C7-8484-4AC65E1B71E8}
		{DBD28012-4D63-48D0-BA67-010214178BA3} = {E2C200F5-059E-4BBC-B2CB-C0028EBB8A2E}
		{80F1601F-5CC3-4544-B35B-0DDF790F8402} = {E2C200F5-059E-4BBC-B2CB-C0028EBB8A2E}
		{B0F1A385-7A20-4383-8B36-13F82E500527} = {E2C200F5-059E-4BBC-B2CB-C0028EBB8A2E}
		{6675FE48-B0ED-4123-B575-336EBB35C74E} = {5D37BB73-8565-4BD8-B25F-69E147BCD744}
		{422CD367-DC96-4207-9835-F859CA1A048D} = {5D37BB73-8565-4BD8-B25F-69E147BCD744}
		{779E99D4-5A37-4DFF-AE16-51B85332571E} = {5D37BB73-8565-4BD8-B25F-69E147BCD744}
		{2D46533C-7543-459E-8D37-54E21DB79CC9} = {C5D4E2C7-D15C-4147-89D3-C7308D8ED063}
		{927DEAFE-D850-4691-8CF4-A2EAC34D61BC} = {C5D4E2C7-D15C-4147-89D3-C7308D8ED063}
		{138EE0F5-3859-4965-84A9-78860F606473} = {C5D4E2C7-D15C-4147-89D3-C7308D8ED063}
		{0BA315A2-0595-44B5-A8FC-DC06E8F2B4BF} = {A42BB9BC-05CB-4B1E-9259-F00DADA4BC13}
		{FE41AB39-DB80-4E78-9918-985455DCB4D9} = {A42BB9BC-05CB-4B1E-9259-F00DADA4BC13}
		{5B0D1A6C-260F-4675-A75D-5006F2D38C7C} = {A42BB9BC-05CB-4B1E-9259-F00DADA4BC13}
		{8304750E-048A-4C96-8C7C-8965751A681D} = {D330A2AA-6449-44B1-BDFE-74923DF699C2}
		{487617DD-C7C1-4C5B-83A2-45746E7232A0} = {D330A2AA-6449-44B1-BDFE-74923DF699C2}
		{817D4882-43F2-49CA-A5A1-12B5870F4A32} = {D330A2AA-6449-44B1-BDFE-74923DF699C2}
	EndGlobalSection
	GlobalSection(ExtensibilityGlobals) = postSolution
		SolutionGuid = {40B383A7-7183-44D6-AAAE-CE7160ABD40A}
	EndGlobalSection
EndGlobal
